
Microsoft Visual Studio Solution File, Format Version 12.00
# Visual Studio Version 17
VisualStudioVersion = 17.14.36603.0 d17.14
MinimumVisualStudioVersion = 10.0.40219.1
Project("{FAE04EC0-301F-11D3-BF4B-00C04F79EFBC}") = "Gruppövning-Dataspel_251029", "Gruppövning-Dataspel_251029\Gruppövning-Dataspel_251029.csproj", "{FF95B1EF-CE97-4B3B-9A7B-06AF2D4219C7}"
EndProject
Global
	GlobalSection(SolutionConfigurationPlatforms) = preSolution
		Debug|Any CPU = Debug|Any CPU
		Release|Any CPU = Release|Any CPU
	EndGlobalSection
	GlobalSection(ProjectConfigurationPlatforms) = postSolution
		{FF95B1EF-CE97-4B3B-9A7B-06AF2D4219C7}.Debug|Any CPU.ActiveCfg = Debug|Any CPU
		{FF95B1EF-CE97-4B3B-9A7B-06AF2D4219C7}.Debug|Any CPU.Build.0 = Debug|Any CPU
		{FF95B1EF-CE97-4B3B-9A7B-06AF2D4219C7}.Release|Any CPU.ActiveCfg = Release|Any CPU
		{FF95B1EF-CE97-4B3B-9A7B-06AF2D4219C7}.Release|Any CPU.Build.0 = Release|Any CPU
	EndGlobalSection
	GlobalSection(SolutionProperties) = preSolution
		HideSolutionNode = FALSE
	EndGlobalSection
	GlobalSection(ExtensibilityGlobals) = postSolution
		SolutionGuid = {61E537CF-91C6-4808-824A-3AD714B89973}
	EndGlobalSection
EndGlobal
